
Microsoft Visual Studio Solution File, Format Version 12.00
# Visual Studio 15
VisualStudioVersion = 15.0.28010.2003
MinimumVisualStudioVersion = 10.0.40219.1
Project("{FAE04EC0-301F-11D3-BF4B-00C04F79EFBC}") = "Generics", "Generics\Generics.csproj", "{8D9C4FDB-45DD-4243-A158-644E93571EF7}"
EndProject
Project("{FAE04EC0-301F-11D3-BF4B-00C04F79EFBC}") = "ExtensionMethods", "ExtensionMethods\ExtensionMethods.csproj", "{03C25C23-39E8-4719-BB1D-FD8A7093FF14}"
EndProject
Project("{FAE04EC0-301F-11D3-BF4B-00C04F79EFBC}") = "CarGarage", "CarGarage\CarGarage.csproj", "{73E2B6C8-197C-4058-88A3-E5EBB8414079}"
EndProject
Global
	GlobalSection(SolutionConfigurationPlatforms) = preSolution
		Debug|Any CPU = Debug|Any CPU
		Release|Any CPU = Release|Any CPU
	EndGlobalSection
	GlobalSection(ProjectConfigurationPlatforms) = postSolution
		{8D9C4FDB-45DD-4243-A158-644E93571EF7}.Debug|Any CPU.ActiveCfg = Debug|Any CPU
		{8D9C4FDB-45DD-4243-A158-644E93571EF7}.Debug|Any CPU.Build.0 = Debug|Any CPU
		{8D9C4FDB-45DD-4243-A158-644E93571EF7}.Release|Any CPU.ActiveCfg = Release|Any CPU
		{8D9C4FDB-45DD-4243-A158-644E93571EF7}.Release|Any CPU.Build.0 = Release|Any CPU
		{03C25C23-39E8-4719-BB1D-FD8A7093FF14}.Debug|Any CPU.ActiveCfg = Debug|Any CPU
		{03C25C23-39E8-4719-BB1D-FD8A7093FF14}.Debug|Any CPU.Build.0 = Debug|Any CPU
		{03C25C23-39E8-4719-BB1D-FD8A7093FF14}.Release|Any CPU.ActiveCfg = Release|Any CPU
		{03C25C23-39E8-4719-BB1D-FD8A7093FF14}.Release|Any CPU.Build.0 = Release|Any CPU
		{73E2B6C8-197C-4058-88A3-E5EBB8414079}.Debug|Any CPU.ActiveCfg = Debug|Any CPU
		{73E2B6C8-197C-4058-88A3-E5EBB8414079}.Debug|Any CPU.Build.0 = Debug|Any CPU
		{73E2B6C8-197C-4058-88A3-E5EBB8414079}.Release|Any CPU.ActiveCfg = Release|Any CPU
		{73E2B6C8-197C-4058-88A3-E5EBB8414079}.Release|Any CPU.Build.0 = Release|Any CPU
	EndGlobalSection
	GlobalSection(SolutionProperties) = preSolution
		HideSolutionNode = FALSE
	EndGlobalSection
	GlobalSection(ExtensibilityGlobals) = postSolution
		SolutionGuid = {454795C3-6E71-44DD-AB80-2D332E27F76A}
	EndGlobalSection
EndGlobal
